
Microsoft Visual Studio Solution File, Format Version 9.00
# Visual Studio 2005
Project("{FAE04EC0-301F-11D3-BF4B-00C04F79EFBC}") = "AspNet", "AspNet\AspNet.csproj", "{58F5217E-28E8-4332-B906-2A3A73BE35EF}"
EndProject
Global
	GlobalSection(SolutionConfigurationPlatforms) = preSolution
		Debug|Any CPU = Debug|Any CPU
		Release|Any CPU = Release|Any CPU
	EndGlobalSection
	GlobalSection(ProjectConfigurationPlatforms) = postSolution
		{58F5217E-28E8-4332-B906-2A3A73BE35EF}.Debug|Any CPU.ActiveCfg = Debug|Any CPU
		{58F5217E-28E8-4332-B906-2A3A73BE35EF}.Debug|Any CPU.Build.0 = Debug|Any CPU
		{58F5217E-28E8-4332-B906-2A3A73BE35EF}.Release|Any CPU.ActiveCfg = Release|Any CPU
		{58F5217E-28E8-4332-B906-2A3A73BE35EF}.Release|Any CPU.Build.0 = Release|Any CPU
	EndGlobalSection
	GlobalSection(MonoDevelopProperties) = preSolution
		StartupItem = AspNet\AspNet.csproj
	EndGlobalSection
EndGlobal
